
Microsoft Visual Studio Solution File, Format Version 12.00
# Visual Studio Version 17
VisualStudioVersion = 17.5.33414.496
MinimumVisualStudioVersion = 10.0.40219.1
Project("{9A19103F-16F7-4668-BE54-9A1E7A4F7556}") = "WebApplicationTemplate", "WebApplicationTemplate\WebApplicationTemplate.csproj", "{1F364E12-F6D9-4CBE-B38D-9206DCEDCF50}"
EndProject
Project("{9A19103F-16F7-4668-BE54-9A1E7A4F7556}") = "DataLibrary", "DataLibrary\DataLibrary.csproj", "{0272C785-1068-4341-A8D1-114E377B968C}"
EndProject
Project("{FAE04EC0-301F-11D3-BF4B-00C04F79EFBC}") = "Ldap", "Ldap\Ldap.csproj", "{56323093-E016-40D9-BF7C-3D84A524E5FF}"
EndProject
Global
	GlobalSection(SolutionConfigurationPlatforms) = preSolution
		Debug|Any CPU = Debug|Any CPU
		Release|Any CPU = Release|Any CPU
	EndGlobalSection
	GlobalSection(ProjectConfigurationPlatforms) = postSolution
		{1F364E12-F6D9-4CBE-B38D-9206DCEDCF50}.Debug|Any CPU.ActiveCfg = Debug|Any CPU
		{1F364E12-F6D9-4CBE-B38D-9206DCEDCF50}.Debug|Any CPU.Build.0 = Debug|Any CPU
		{1F364E12-F6D9-4CBE-B38D-9206DCEDCF50}.Release|Any CPU.ActiveCfg = Release|Any CPU
		{1F364E12-F6D9-4CBE-B38D-9206DCEDCF50}.Release|Any CPU.Build.0 = Release|Any CPU
		{0272C785-1068-4341-A8D1-114E377B968C}.Debug|Any CPU.ActiveCfg = Debug|Any CPU
		{0272C785-1068-4341-A8D1-114E377B968C}.Debug|Any CPU.Build.0 = Debug|Any CPU
		{0272C785-1068-4341-A8D1-114E377B968C}.Release|Any CPU.ActiveCfg = Release|Any CPU
		{0272C785-1068-4341-A8D1-114E377B968C}.Release|Any CPU.Build.0 = Release|Any CPU
		{56323093-E016-40D9-BF7C-3D84A524E5FF}.Debug|Any CPU.ActiveCfg = Debug|Any CPU
		{56323093-E016-40D9-BF7C-3D84A524E5FF}.Debug|Any CPU.Build.0 = Debug|Any CPU
		{56323093-E016-40D9-BF7C-3D84A524E5FF}.Release|Any CPU.ActiveCfg = Release|Any CPU
		{56323093-E016-40D9-BF7C-3D84A524E5FF}.Release|Any CPU.Build.0 = Release|Any CPU
	EndGlobalSection
	GlobalSection(SolutionProperties) = preSolution
		HideSolutionNode = FALSE
	EndGlobalSection
	GlobalSection(ExtensibilityGlobals) = postSolution
		SolutionGuid = {CB3E9DC2-38FE-4756-8751-19A51E89041B}
	EndGlobalSection
EndGlobal
